
Microsoft Visual Studio Solution File, Format Version 12.00
Project("{2150E333-8FDC-42A3-9474-1A3956D46DE8}") = "Server", "Server", "{09E74DA7-7F0F-42AC-AA55-74E700DEA357}"
EndProject
Project("{FAE04EC0-301F-11D3-BF4B-00C04F79EFBC}") = "Entities", "Server\Entities\Entities.csproj", "{E4FBA94D-2AE6-4A0B-8BC1-02D1E971B6C6}"
EndProject
Project("{FAE04EC0-301F-11D3-BF4B-00C04F79EFBC}") = "RepositoryContracts", "Server\RepositoryContracts\RepositoryContracts.csproj", "{7AEAEE0C-0310-4B19-9734-82F440E3BF9B}"
EndProject
Project("{FAE04EC0-301F-11D3-BF4B-00C04F79EFBC}") = "InMemoryRepositories", "Server\InMemoryRepositories\InMemoryRepositories.csproj", "{07BEE0DD-A84F-48CD-BEB2-E54622640A7E}"
EndProject
Project("{FAE04EC0-301F-11D3-BF4B-00C04F79EFBC}") = "CLI", "Server\CLI\CLI.csproj", "{0DC52B93-67C7-4494-85A8-EE696D9D3660}"
EndProject
Project("{FAE04EC0-301F-11D3-BF4B-00C04F79EFBC}") = "FileRepositories", "Server\FileRepositories\FileRepositories.csproj", "{77AD62C4-C21C-4673-B443-BFE52E75B9A4}"
EndProject
Global
	GlobalSection(SolutionConfigurationPlatforms) = preSolution
		Debug|Any CPU = Debug|Any CPU
		Release|Any CPU = Release|Any CPU
	EndGlobalSection
	GlobalSection(NestedProjects) = preSolution
		{E4FBA94D-2AE6-4A0B-8BC1-02D1E971B6C6} = {09E74DA7-7F0F-42AC-AA55-74E700DEA357}
		{7AEAEE0C-0310-4B19-9734-82F440E3BF9B} = {09E74DA7-7F0F-42AC-AA55-74E700DEA357}
		{07BEE0DD-A84F-48CD-BEB2-E54622640A7E} = {09E74DA7-7F0F-42AC-AA55-74E700DEA357}
		{0DC52B93-67C7-4494-85A8-EE696D9D3660} = {09E74DA7-7F0F-42AC-AA55-74E700DEA357}
		{77AD62C4-C21C-4673-B443-BFE52E75B9A4} = {09E74DA7-7F0F-42AC-AA55-74E700DEA357}
	EndGlobalSection
	GlobalSection(ProjectConfigurationPlatforms) = postSolution
		{E4FBA94D-2AE6-4A0B-8BC1-02D1E971B6C6}.Debug|Any CPU.ActiveCfg = Debug|Any CPU
		{E4FBA94D-2AE6-4A0B-8BC1-02D1E971B6C6}.Debug|Any CPU.Build.0 = Debug|Any CPU
		{E4FBA94D-2AE6-4A0B-8BC1-02D1E971B6C6}.Release|Any CPU.ActiveCfg = Release|Any CPU
		{E4FBA94D-2AE6-4A0B-8BC1-02D1E971B6C6}.Release|Any CPU.Build.0 = Release|Any CPU
		{7AEAEE0C-0310-4B19-9734-82F440E3BF9B}.Debug|Any CPU.ActiveCfg = Debug|Any CPU
		{7AEAEE0C-0310-4B19-9734-82F440E3BF9B}.Debug|Any CPU.Build.0 = Debug|Any CPU
		{7AEAEE0C-0310-4B19-9734-82F440E3BF9B}.Release|Any CPU.ActiveCfg = Release|Any CPU
		{7AEAEE0C-0310-4B19-9734-82F440E3BF9B}.Release|Any CPU.Build.0 = Release|Any CPU
		{07BEE0DD-A84F-48CD-BEB2-E54622640A7E}.Debug|Any CPU.ActiveCfg = Debug|Any CPU
		{07BEE0DD-A84F-48CD-BEB2-E54622640A7E}.Debug|Any CPU.Build.0 = Debug|Any CPU
		{07BEE0DD-A84F-48CD-BEB2-E54622640A7E}.Release|Any CPU.ActiveCfg = Release|Any CPU
		{07BEE0DD-A84F-48CD-BEB2-E54622640A7E}.Release|Any CPU.Build.0 = Release|Any CPU
		{0DC52B93-67C7-4494-85A8-EE696D9D3660}.Debug|Any CPU.ActiveCfg = Debug|Any CPU
		{0DC52B93-67C7-4494-85A8-EE696D9D3660}.Debug|Any CPU.Build.0 = Debug|Any CPU
		{0DC52B93-67C7-4494-85A8-EE696D9D3660}.Release|Any CPU.ActiveCfg = Release|Any CPU
		{0DC52B93-67C7-4494-85A8-EE696D9D3660}.Release|Any CPU.Build.0 = Release|Any CPU
		{77AD62C4-C21C-4673-B443-BFE52E75B9A4}.Debug|Any CPU.ActiveCfg = Debug|Any CPU
		{77AD62C4-C21C-4673-B443-BFE52E75B9A4}.Debug|Any CPU.Build.0 = Debug|Any CPU
		{77AD62C4-C21C-4673-B443-BFE52E75B9A4}.Release|Any CPU.ActiveCfg = Release|Any CPU
		{77AD62C4-C21C-4673-B443-BFE52E75B9A4}.Release|Any CPU.Build.0 = Release|Any CPU
	EndGlobalSection
EndGlobal
